
Microsoft Visual Studio Solution File, Format Version 12.00
# Visual Studio 2012
Project("{FAE04EC0-301F-11D3-BF4B-00C04F79EFBC}") = "ProjectLog.Core", "ProjectLog.Core\ProjectLog.Core.csproj", "{F37A2A9B-00FF-4F08-BC30-FEECB7A6798F}"
EndProject
Project("{FAE04EC0-301F-11D3-BF4B-00C04F79EFBC}") = "ProjectLog.Touch", "ProjectLog.Touch\ProjectLog.Touch.csproj", "{78C5729E-4F2A-43D7-9A80-BF4DD40C92A3}"
EndProject
Project("{FAE04EC0-301F-11D3-BF4B-00C04F79EFBC}") = "ProjectLog.Droid", "ProjectLog.Droid\ProjectLog.Droid.csproj", "{AF14D185-0ABF-4090-B961-BF79CF99E45E}"
EndProject
Project("{FAE04EC0-301F-11D3-BF4B-00C04F79EFBC}") = "ProjectLog.WP8", "ProjectLog.WP8\ProjectLog.WP8.csproj", "{636CAF59-B79F-4ED0-B1EC-F0DEA65474C1}"
EndProject
Project("{FAE04EC0-301F-11D3-BF4B-00C04F79EFBC}") = "ProjectLog.UnitTests", "ProjectLog.UnitTests\ProjectLog.UnitTests.csproj", "{174AAA78-AC1E-4B02-AB86-E86E3AAEDBAD}"
EndProject
Project("{FAE04EC0-301F-11D3-BF4B-00C04F79EFBC}") = "ProjectLog.Web", "ProjectLog.Web\ProjectLog.Web.csproj", "{75B30A82-5078-44D9-A6A9-FAA17BB90271}"
EndProject
Project("{FAE04EC0-301F-11D3-BF4B-00C04F79EFBC}") = "ProjectLog.Contracts", "ProjectLog.Contracts\ProjectLog.Contracts.csproj", "{FAA52C78-5025-4B9B-9F2D-5C13F6B89E1F}"
EndProject
Project("{2150E333-8FDC-42A3-9474-1A3956D46DE8}") = ".nuget", ".nuget", "{64BC720A-3E34-4CF6-A75C-F23BE6B8AA17}"
	ProjectSection(SolutionItems) = preProject
		.nuget\NuGet.Config = .nuget\NuGet.Config
		.nuget\NuGet.exe = .nuget\NuGet.exe
		.nuget\NuGet.targets = .nuget\NuGet.targets
	EndProjectSection
EndProject
Global
	GlobalSection(SolutionConfigurationPlatforms) = preSolution
		Ad-Hoc|Any CPU = Ad-Hoc|Any CPU
		Ad-Hoc|ARM = Ad-Hoc|ARM
		Ad-Hoc|iPhone = Ad-Hoc|iPhone
		Ad-Hoc|iPhoneSimulator = Ad-Hoc|iPhoneSimulator
		Ad-Hoc|Mixed Platforms = Ad-Hoc|Mixed Platforms
		Ad-Hoc|x86 = Ad-Hoc|x86
		AppStore|Any CPU = AppStore|Any CPU
		AppStore|ARM = AppStore|ARM
		AppStore|iPhone = AppStore|iPhone
		AppStore|iPhoneSimulator = AppStore|iPhoneSimulator
		AppStore|Mixed Platforms = AppStore|Mixed Platforms
		AppStore|x86 = AppStore|x86
		Debug|Any CPU = Debug|Any CPU
		Debug|ARM = Debug|ARM
		Debug|iPhone = Debug|iPhone
		Debug|iPhoneSimulator = Debug|iPhoneSimulator
		Debug|Mixed Platforms = Debug|Mixed Platforms
		Debug|x86 = Debug|x86
		Release|Any CPU = Release|Any CPU
		Release|ARM = Release|ARM
		Release|iPhone = Release|iPhone
		Release|iPhoneSimulator = Release|iPhoneSimulator
		Release|Mixed Platforms = Release|Mixed Platforms
		Release|x86 = Release|x86
	EndGlobalSection
	GlobalSection(ProjectConfigurationPlatforms) = postSolution
		{F37A2A9B-00FF-4F08-BC30-FEECB7A6798F}.Ad-Hoc|Any CPU.ActiveCfg = Release|Any CPU
		{F37A2A9B-00FF-4F08-BC30-FEECB7A6798F}.Ad-Hoc|Any CPU.Build.0 = Release|Any CPU
		{F37A2A9B-00FF-4F08-BC30-FEECB7A6798F}.Ad-Hoc|ARM.ActiveCfg = Release|Any CPU
		{F37A2A9B-00FF-4F08-BC30-FEECB7A6798F}.Ad-Hoc|iPhone.ActiveCfg = Release|Any CPU
		{F37A2A9B-00FF-4F08-BC30-FEECB7A6798F}.Ad-Hoc|iPhoneSimulator.ActiveCfg = Release|Any CPU
		{F37A2A9B-00FF-4F08-BC30-FEECB7A6798F}.Ad-Hoc|Mixed Platforms.ActiveCfg = Release|Any CPU
		{F37A2A9B-00FF-4F08-BC30-FEECB7A6798F}.Ad-Hoc|Mixed Platforms.Build.0 = Release|Any CPU
		{F37A2A9B-00FF-4F08-BC30-FEECB7A6798F}.Ad-Hoc|x86.ActiveCfg = Release|Any CPU
		{F37A2A9B-00FF-4F08-BC30-FEECB7A6798F}.AppStore|Any CPU.ActiveCfg = Release|Any CPU
		{F37A2A9B-00FF-4F08-BC30-FEECB7A6798F}.AppStore|Any CPU.Build.0 = Release|Any CPU
		{F37A2A9B-00FF-4F08-BC30-FEECB7A6798F}.AppStore|ARM.ActiveCfg = Release|Any CPU
		{F37A2A9B-00FF-4F08-BC30-FEECB7A6798F}.AppStore|iPhone.ActiveCfg = Release|Any CPU
		{F37A2A9B-00FF-4F08-BC30-FEECB7A6798F}.AppStore|iPhoneSimulator.ActiveCfg = Release|Any CPU
		{F37A2A9B-00FF-4F08-BC30-FEECB7A6798F}.AppStore|Mixed Platforms.ActiveCfg = Release|Any CPU
		{F37A2A9B-00FF-4F08-BC30-FEECB7A6798F}.AppStore|Mixed Platforms.Build.0 = Release|Any CPU
		{F37A2A9B-00FF-4F08-BC30-FEECB7A6798F}.AppStore|x86.ActiveCfg = Release|Any CPU
		{F37A2A9B-00FF-4F08-BC30-FEECB7A6798F}.Debug|Any CPU.ActiveCfg = Debug|Any CPU
		{F37A2A9B-00FF-4F08-BC30-FEECB7A6798F}.Debug|Any CPU.Build.0 = Debug|Any CPU
		{F37A2A9B-00FF-4F08-BC30-FEECB7A6798F}.Debug|ARM.ActiveCfg = Debug|Any CPU
		{F37A2A9B-00FF-4F08-BC30-FEECB7A6798F}.Debug|iPhone.ActiveCfg = Debug|Any CPU
		{F37A2A9B-00FF-4F08-BC30-FEECB7A6798F}.Debug|iPhoneSimulator.ActiveCfg = Debug|Any CPU
		{F37A2A9B-00FF-4F08-BC30-FEECB7A6798F}.Debug|Mixed Platforms.ActiveCfg = Debug|Any CPU
		{F37A2A9B-00FF-4F08-BC30-FEECB7A6798F}.Debug|Mixed Platforms.Build.0 = Debug|Any CPU
		{F37A2A9B-00FF-4F08-BC30-FEECB7A6798F}.Debug|x86.ActiveCfg = Debug|Any CPU
		{F37A2A9B-00FF-4F08-BC30-FEECB7A6798F}.Release|Any CPU.ActiveCfg = Release|Any CPU
		{F37A2A9B-00FF-4F08-BC30-FEECB7A6798F}.Release|Any CPU.Build.0 = Release|Any CPU
		{F37A2A9B-00FF-4F08-BC30-FEECB7A6798F}.Release|ARM.ActiveCfg = Release|Any CPU
		{F37A2A9B-00FF-4F08-BC30-FEECB7A6798F}.Release|iPhone.ActiveCfg = Release|Any CPU
		{F37A2A9B-00FF-4F08-BC30-FEECB7A6798F}.Release|iPhoneSimulator.ActiveCfg = Release|Any CPU
		{F37A2A9B-00FF-4F08-BC30-FEECB7A6798F}.Release|Mixed Platforms.ActiveCfg = Release|Any CPU
		{F37A2A9B-00FF-4F08-BC30-FEECB7A6798F}.Release|Mixed Platforms.Build.0 = Release|Any CPU
		{F37A2A9B-00FF-4F08-BC30-FEECB7A6798F}.Release|x86.ActiveCfg = Release|Any CPU
		{78C5729E-4F2A-43D7-9A80-BF4DD40C92A3}.Ad-Hoc|Any CPU.ActiveCfg = Ad-Hoc|iPhone
		{78C5729E-4F2A-43D7-9A80-BF4DD40C92A3}.Ad-Hoc|ARM.ActiveCfg = Ad-Hoc|iPhone
		{78C5729E-4F2A-43D7-9A80-BF4DD40C92A3}.Ad-Hoc|iPhone.ActiveCfg = Ad-Hoc|iPhone
		{78C5729E-4F2A-43D7-9A80-BF4DD40C92A3}.Ad-Hoc|iPhone.Build.0 = Ad-Hoc|iPhone
		{78C5729E-4F2A-43D7-9A80-BF4DD40C92A3}.Ad-Hoc|iPhoneSimulator.ActiveCfg = Ad-Hoc|iPhoneSimulator
		{78C5729E-4F2A-43D7-9A80-BF4DD40C92A3}.Ad-Hoc|iPhoneSimulator.Build.0 = Ad-Hoc|iPhoneSimulator
		{78C5729E-4F2A-43D7-9A80-BF4DD40C92A3}.Ad-Hoc|Mixed Platforms.ActiveCfg = Ad-Hoc|iPhone
		{78C5729E-4F2A-43D7-9A80-BF4DD40C92A3}.Ad-Hoc|Mixed Platforms.Build.0 = Ad-Hoc|iPhone
		{78C5729E-4F2A-43D7-9A80-BF4DD40C92A3}.Ad-Hoc|x86.ActiveCfg = Ad-Hoc|iPhone
		{78C5729E-4F2A-43D7-9A80-BF4DD40C92A3}.AppStore|Any CPU.ActiveCfg = AppStore|iPhone
		{78C5729E-4F2A-43D7-9A80-BF4DD40C92A3}.AppStore|ARM.ActiveCfg = AppStore|iPhone
		{78C5729E-4F2A-43D7-9A80-BF4DD40C92A3}.AppStore|iPhone.ActiveCfg = AppStore|iPhone
		{78C5729E-4F2A-43D7-9A80-BF4DD40C92A3}.AppStore|iPhone.Build.0 = AppStore|iPhone
		{78C5729E-4F2A-43D7-9A80-BF4DD40C92A3}.AppStore|iPhoneSimulator.ActiveCfg = AppStore|iPhoneSimulator
		{78C5729E-4F2A-43D7-9A80-BF4DD40C92A3}.AppStore|iPhoneSimulator.Build.0 = AppStore|iPhoneSimulator
		{78C5729E-4F2A-43D7-9A80-BF4DD40C92A3}.AppStore|Mixed Platforms.ActiveCfg = AppStore|iPhone
		{78C5729E-4F2A-43D7-9A80-BF4DD40C92A3}.AppStore|Mixed Platforms.Build.0 = AppStore|iPhone
		{78C5729E-4F2A-43D7-9A80-BF4DD40C92A3}.AppStore|x86.ActiveCfg = AppStore|iPhone
		{78C5729E-4F2A-43D7-9A80-BF4DD40C92A3}.Debug|Any CPU.ActiveCfg = Debug|iPhoneSimulator
		{78C5729E-4F2A-43D7-9A80-BF4DD40C92A3}.Debug|Any CPU.Build.0 = Debug|iPhoneSimulator
		{78C5729E-4F2A-43D7-9A80-BF4DD40C92A3}.Debug|ARM.ActiveCfg = Debug|iPhone
		{78C5729E-4F2A-43D7-9A80-BF4DD40C92A3}.Debug|iPhone.ActiveCfg = Debug|iPhone
		{78C5729E-4F2A-43D7-9A80-BF4DD40C92A3}.Debug|iPhone.Build.0 = Debug|iPhone
		{78C5729E-4F2A-43D7-9A80-BF4DD40C92A3}.Debug|iPhoneSimulator.ActiveCfg = Debug|iPhoneSimulator
		{78C5729E-4F2A-43D7-9A80-BF4DD40C92A3}.Debug|iPhoneSimulator.Build.0 = Debug|iPhoneSimulator
		{78C5729E-4F2A-43D7-9A80-BF4DD40C92A3}.Debug|Mixed Platforms.ActiveCfg = Debug|iPhoneSimulator
		{78C5729E-4F2A-43D7-9A80-BF4DD40C92A3}.Debug|Mixed Platforms.Build.0 = Debug|iPhoneSimulator
		{78C5729E-4F2A-43D7-9A80-BF4DD40C92A3}.Debug|x86.ActiveCfg = Debug|iPhone
		{78C5729E-4F2A-43D7-9A80-BF4DD40C92A3}.Release|Any CPU.ActiveCfg = Release|iPhone
		{78C5729E-4F2A-43D7-9A80-BF4DD40C92A3}.Release|ARM.ActiveCfg = Release|iPhone
		{78C5729E-4F2A-43D7-9A80-BF4DD40C92A3}.Release|iPhone.ActiveCfg = Release|iPhone
		{78C5729E-4F2A-43D7-9A80-BF4DD40C92A3}.Release|iPhone.Build.0 = Release|iPhone
		{78C5729E-4F2A-43D7-9A80-BF4DD40C92A3}.Release|iPhoneSimulator.ActiveCfg = Release|iPhoneSimulator
		{78C5729E-4F2A-43D7-9A80-BF4DD40C92A3}.Release|iPhoneSimulator.Build.0 = Release|iPhoneSimulator
		{78C5729E-4F2A-43D7-9A80-BF4DD40C92A3}.Release|Mixed Platforms.ActiveCfg = Release|iPhone
		{78C5729E-4F2A-43D7-9A80-BF4DD40C92A3}.Release|Mixed Platforms.Build.0 = Release|iPhone
		{78C5729E-4F2A-43D7-9A80-BF4DD40C92A3}.Release|x86.ActiveCfg = Release|iPhone
		{AF14D185-0ABF-4090-B961-BF79CF99E45E}.Ad-Hoc|Any CPU.ActiveCfg = Release|Any CPU
		{AF14D185-0ABF-4090-B961-BF79CF99E45E}.Ad-Hoc|Any CPU.Build.0 = Release|Any CPU
		{AF14D185-0ABF-4090-B961-BF79CF99E45E}.Ad-Hoc|Any CPU.Deploy.0 = Release|Any CPU
		{AF14D185-0ABF-4090-B961-BF79CF99E45E}.Ad-Hoc|ARM.ActiveCfg = Release|Any CPU
		{AF14D185-0ABF-4090-B961-BF79CF99E45E}.Ad-Hoc|iPhone.ActiveCfg = Release|Any CPU
		{AF14D185-0ABF-4090-B961-BF79CF99E45E}.Ad-Hoc|iPhoneSimulator.ActiveCfg = Release|Any CPU
		{AF14D185-0ABF-4090-B961-BF79CF99E45E}.Ad-Hoc|Mixed Platforms.ActiveCfg = Release|Any CPU
		{AF14D185-0ABF-4090-B961-BF79CF99E45E}.Ad-Hoc|Mixed Platforms.Build.0 = Release|Any CPU
		{AF14D185-0ABF-4090-B961-BF79CF99E45E}.Ad-Hoc|Mixed Platforms.Deploy.0 = Release|Any CPU
		{AF14D185-0ABF-4090-B961-BF79CF99E45E}.Ad-Hoc|x86.ActiveCfg = Release|Any CPU
		{AF14D185-0ABF-4090-B961-BF79CF99E45E}.AppStore|Any CPU.ActiveCfg = Release|Any CPU
		{AF14D185-0ABF-4090-B961-BF79CF99E45E}.AppStore|Any CPU.Build.0 = Release|Any CPU
		{AF14D185-0ABF-4090-B961-BF79CF99E45E}.AppStore|Any CPU.Deploy.0 = Release|Any CPU
		{AF14D185-0ABF-4090-B961-BF79CF99E45E}.AppStore|ARM.ActiveCfg = Release|Any CPU
		{AF14D185-0ABF-4090-B961-BF79CF99E45E}.AppStore|iPhone.ActiveCfg = Release|Any CPU
		{AF14D185-0ABF-4090-B961-BF79CF99E45E}.AppStore|iPhoneSimulator.ActiveCfg = Release|Any CPU
		{AF14D185-0ABF-4090-B961-BF79CF99E45E}.AppStore|Mixed Platforms.ActiveCfg = Release|Any CPU
		{AF14D185-0ABF-4090-B961-BF79CF99E45E}.AppStore|Mixed Platforms.Build.0 = Release|Any CPU
		{AF14D185-0ABF-4090-B961-BF79CF99E45E}.AppStore|Mixed Platforms.Deploy.0 = Release|Any CPU
		{AF14D185-0ABF-4090-B961-BF79CF99E45E}.AppStore|x86.ActiveCfg = Release|Any CPU
		{AF14D185-0ABF-4090-B961-BF79CF99E45E}.Debug|Any CPU.ActiveCfg = Debug|Any CPU
		{AF14D185-0ABF-4090-B961-BF79CF99E45E}.Debug|Any CPU.Build.0 = Debug|Any CPU
		{AF14D185-0ABF-4090-B961-BF79CF99E45E}.Debug|Any CPU.Deploy.0 = Debug|Any CPU
		{AF14D185-0ABF-4090-B961-BF79CF99E45E}.Debug|ARM.ActiveCfg = Debug|Any CPU
		{AF14D185-0ABF-4090-B961-BF79CF99E45E}.Debug|iPhone.ActiveCfg = Debug|Any CPU
		{AF14D185-0ABF-4090-B961-BF79CF99E45E}.Debug|iPhoneSimulator.ActiveCfg = Debug|Any CPU
		{AF14D185-0ABF-4090-B961-BF79CF99E45E}.Debug|Mixed Platforms.ActiveCfg = Debug|Any CPU
		{AF14D185-0ABF-4090-B961-BF79CF99E45E}.Debug|Mixed Platforms.Build.0 = Debug|Any CPU
		{AF14D185-0ABF-4090-B961-BF79CF99E45E}.Debug|x86.ActiveCfg = Debug|Any CPU
		{AF14D185-0ABF-4090-B961-BF79CF99E45E}.Release|Any CPU.ActiveCfg = Release|Any CPU
		{AF14D185-0ABF-4090-B961-BF79CF99E45E}.Release|Any CPU.Build.0 = Release|Any CPU
		{AF14D185-0ABF-4090-B961-BF79CF99E45E}.Release|Any CPU.Deploy.0 = Release|Any CPU
		{AF14D185-0ABF-4090-B961-BF79CF99E45E}.Release|ARM.ActiveCfg = Release|Any CPU
		{AF14D185-0ABF-4090-B961-BF79CF99E45E}.Release|iPhone.ActiveCfg = Release|Any CPU
		{AF14D185-0ABF-4090-B961-BF79CF99E45E}.Release|iPhoneSimulator.ActiveCfg = Release|Any CPU
		{AF14D185-0ABF-4090-B961-BF79CF99E45E}.Release|Mixed Platforms.ActiveCfg = Release|Any CPU
		{AF14D185-0ABF-4090-B961-BF79CF99E45E}.Release|Mixed Platforms.Build.0 = Release|Any CPU
		{AF14D185-0ABF-4090-B961-BF79CF99E45E}.Release|Mixed Platforms.Deploy.0 = Release|Any CPU
		{AF14D185-0ABF-4090-B961-BF79CF99E45E}.Release|x86.ActiveCfg = Release|Any CPU
		{636CAF59-B79F-4ED0-B1EC-F0DEA65474C1}.Ad-Hoc|Any CPU.ActiveCfg = Release|Any CPU
		{636CAF59-B79F-4ED0-B1EC-F0DEA65474C1}.Ad-Hoc|Any CPU.Build.0 = Release|Any CPU
		{636CAF59-B79F-4ED0-B1EC-F0DEA65474C1}.Ad-Hoc|Any CPU.Deploy.0 = Release|Any CPU
		{636CAF59-B79F-4ED0-B1EC-F0DEA65474C1}.Ad-Hoc|ARM.ActiveCfg = Release|ARM
		{636CAF59-B79F-4ED0-B1EC-F0DEA65474C1}.Ad-Hoc|ARM.Build.0 = Release|ARM
		{636CAF59-B79F-4ED0-B1EC-F0DEA65474C1}.Ad-Hoc|ARM.Deploy.0 = Release|ARM
		{636CAF59-B79F-4ED0-B1EC-F0DEA65474C1}.Ad-Hoc|iPhone.ActiveCfg = Release|Any CPU
		{636CAF59-B79F-4ED0-B1EC-F0DEA65474C1}.Ad-Hoc|iPhoneSimulator.ActiveCfg = Release|Any CPU
		{636CAF59-B79F-4ED0-B1EC-F0DEA65474C1}.Ad-Hoc|Mixed Platforms.ActiveCfg = Release|x86
		{636CAF59-B79F-4ED0-B1EC-F0DEA65474C1}.Ad-Hoc|Mixed Platforms.Build.0 = Release|x86
		{636CAF59-B79F-4ED0-B1EC-F0DEA65474C1}.Ad-Hoc|Mixed Platforms.Deploy.0 = Release|x86
		{636CAF59-B79F-4ED0-B1EC-F0DEA65474C1}.Ad-Hoc|x86.ActiveCfg = Release|x86
		{636CAF59-B79F-4ED0-B1EC-F0DEA65474C1}.Ad-Hoc|x86.Build.0 = Release|x86
		{636CAF59-B79F-4ED0-B1EC-F0DEA65474C1}.Ad-Hoc|x86.Deploy.0 = Release|x86
		{636CAF59-B79F-4ED0-B1EC-F0DEA65474C1}.AppStore|Any CPU.ActiveCfg = Release|Any CPU
		{636CAF59-B79F-4ED0-B1EC-F0DEA65474C1}.AppStore|Any CPU.Build.0 = Release|Any CPU
		{636CAF59-B79F-4ED0-B1EC-F0DEA65474C1}.AppStore|Any CPU.Deploy.0 = Release|Any CPU
		{636CAF59-B79F-4ED0-B1EC-F0DEA65474C1}.AppStore|ARM.ActiveCfg = Release|ARM
		{636CAF59-B79F-4ED0-B1EC-F0DEA65474C1}.AppStore|ARM.Build.0 = Release|ARM
		{636CAF59-B79F-4ED0-B1EC-F0DEA65474C1}.AppStore|ARM.Deploy.0 = Release|ARM
		{636CAF59-B79F-4ED0-B1EC-F0DEA65474C1}.AppStore|iPhone.ActiveCfg = Release|Any CPU
		{636CAF59-B79F-4ED0-B1EC-F0DEA65474C1}.AppStore|iPhoneSimulator.ActiveCfg = Release|Any CPU
		{636CAF59-B79F-4ED0-B1EC-F0DEA65474C1}.AppStore|Mixed Platforms.ActiveCfg = Release|x86
		{636CAF59-B79F-4ED0-B1EC-F0DEA65474C1}.AppStore|Mixed Platforms.Build.0 = Release|x86
		{636CAF59-B79F-4ED0-B1EC-F0DEA65474C1}.AppStore|Mixed Platforms.Deploy.0 = Release|x86
		{636CAF59-B79F-4ED0-B1EC-F0DEA65474C1}.AppStore|x86.ActiveCfg = Release|x86
		{636CAF59-B79F-4ED0-B1EC-F0DEA65474C1}.AppStore|x86.Build.0 = Release|x86
		{636CAF59-B79F-4ED0-B1EC-F0DEA65474C1}.AppStore|x86.Deploy.0 = Release|x86
		{636CAF59-B79F-4ED0-B1EC-F0DEA65474C1}.Debug|Any CPU.ActiveCfg = Debug|Any CPU
		{636CAF59-B79F-4ED0-B1EC-F0DEA65474C1}.Debug|Any CPU.Build.0 = Debug|Any CPU
		{636CAF59-B79F-4ED0-B1EC-F0DEA65474C1}.Debug|Any CPU.Deploy.0 = Debug|Any CPU
		{636CAF59-B79F-4ED0-B1EC-F0DEA65474C1}.Debug|ARM.ActiveCfg = Debug|ARM
		{636CAF59-B79F-4ED0-B1EC-F0DEA65474C1}.Debug|ARM.Build.0 = Debug|ARM
		{636CAF59-B79F-4ED0-B1EC-F0DEA65474C1}.Debug|ARM.Deploy.0 = Debug|ARM
		{636CAF59-B79F-4ED0-B1EC-F0DEA65474C1}.Debug|iPhone.ActiveCfg = Debug|Any CPU
		{636CAF59-B79F-4ED0-B1EC-F0DEA65474C1}.Debug|iPhoneSimulator.ActiveCfg = Debug|Any CPU
		{636CAF59-B79F-4ED0-B1EC-F0DEA65474C1}.Debug|Mixed Platforms.ActiveCfg = Debug|x86
		{636CAF59-B79F-4ED0-B1EC-F0DEA65474C1}.Debug|Mixed Platforms.Build.0 = Debug|x86
		{636CAF59-B79F-4ED0-B1EC-F0DEA65474C1}.Debug|Mixed Platforms.Deploy.0 = Debug|x86
		{636CAF59-B79F-4ED0-B1EC-F0DEA65474C1}.Debug|x86.ActiveCfg = Debug|x86
		{636CAF59-B79F-4ED0-B1EC-F0DEA65474C1}.Debug|x86.Build.0 = Debug|x86
		{636CAF59-B79F-4ED0-B1EC-F0DEA65474C1}.Debug|x86.Deploy.0 = Debug|x86
		{636CAF59-B79F-4ED0-B1EC-F0DEA65474C1}.Release|Any CPU.ActiveCfg = Release|Any CPU
		{636CAF59-B79F-4ED0-B1EC-F0DEA65474C1}.Release|Any CPU.Build.0 = Release|Any CPU
		{636CAF59-B79F-4ED0-B1EC-F0DEA65474C1}.Release|Any CPU.Deploy.0 = Release|Any CPU
		{636CAF59-B79F-4ED0-B1EC-F0DEA65474C1}.Release|ARM.ActiveCfg = Release|ARM
		{636CAF59-B79F-4ED0-B1EC-F0DEA65474C1}.Release|ARM.Build.0 = Release|ARM
		{636CAF59-B79F-4ED0-B1EC-F0DEA65474C1}.Release|ARM.Deploy.0 = Release|ARM
		{636CAF59-B79F-4ED0-B1EC-F0DEA65474C1}.Release|iPhone.ActiveCfg = Release|Any CPU
		{636CAF59-B79F-4ED0-B1EC-F0DEA65474C1}.Release|iPhoneSimulator.ActiveCfg = Release|Any CPU
		{636CAF59-B79F-4ED0-B1EC-F0DEA65474C1}.Release|Mixed Platforms.ActiveCfg = Release|x86
		{636CAF59-B79F-4ED0-B1EC-F0DEA65474C1}.Release|Mixed Platforms.Build.0 = Release|x86
		{636CAF59-B79F-4ED0-B1EC-F0DEA65474C1}.Release|Mixed Platforms.Deploy.0 = Release|x86
		{636CAF59-B79F-4ED0-B1EC-F0DEA65474C1}.Release|x86.ActiveCfg = Release|x86
		{636CAF59-B79F-4ED0-B1EC-F0DEA65474C1}.Release|x86.Build.0 = Release|x86
		{636CAF59-B79F-4ED0-B1EC-F0DEA65474C1}.Release|x86.Deploy.0 = Release|x86
		{174AAA78-AC1E-4B02-AB86-E86E3AAEDBAD}.Ad-Hoc|Any CPU.ActiveCfg = Release|Any CPU
		{174AAA78-AC1E-4B02-AB86-E86E3AAEDBAD}.Ad-Hoc|Any CPU.Build.0 = Release|Any CPU
		{174AAA78-AC1E-4B02-AB86-E86E3AAEDBAD}.Ad-Hoc|ARM.ActiveCfg = Release|Any CPU
		{174AAA78-AC1E-4B02-AB86-E86E3AAEDBAD}.Ad-Hoc|iPhone.ActiveCfg = Release|Any CPU
		{174AAA78-AC1E-4B02-AB86-E86E3AAEDBAD}.Ad-Hoc|iPhoneSimulator.ActiveCfg = Release|Any CPU
		{174AAA78-AC1E-4B02-AB86-E86E3AAEDBAD}.Ad-Hoc|Mixed Platforms.ActiveCfg = Release|Any CPU
		{174AAA78-AC1E-4B02-AB86-E86E3AAEDBAD}.Ad-Hoc|Mixed Platforms.Build.0 = Release|Any CPU
		{174AAA78-AC1E-4B02-AB86-E86E3AAEDBAD}.Ad-Hoc|x86.ActiveCfg = Release|Any CPU
		{174AAA78-AC1E-4B02-AB86-E86E3AAEDBAD}.AppStore|Any CPU.ActiveCfg = Release|Any CPU
		{174AAA78-AC1E-4B02-AB86-E86E3AAEDBAD}.AppStore|Any CPU.Build.0 = Release|Any CPU
		{174AAA78-AC1E-4B02-AB86-E86E3AAEDBAD}.AppStore|ARM.ActiveCfg = Release|Any CPU
		{174AAA78-AC1E-4B02-AB86-E86E3AAEDBAD}.AppStore|iPhone.ActiveCfg = Release|Any CPU
		{174AAA78-AC1E-4B02-AB86-E86E3AAEDBAD}.AppStore|iPhoneSimulator.ActiveCfg = Release|Any CPU
		{174AAA78-AC1E-4B02-AB86-E86E3AAEDBAD}.AppStore|Mixed Platforms.ActiveCfg = Release|Any CPU
		{174AAA78-AC1E-4B02-AB86-E86E3AAEDBAD}.AppStore|Mixed Platforms.Build.0 = Release|Any CPU
		{174AAA78-AC1E-4B02-AB86-E86E3AAEDBAD}.AppStore|x86.ActiveCfg = Release|Any CPU
		{174AAA78-AC1E-4B02-AB86-E86E3AAEDBAD}.Debug|Any CPU.ActiveCfg = Debug|Any CPU
		{174AAA78-AC1E-4B02-AB86-E86E3AAEDBAD}.Debug|Any CPU.Build.0 = Debug|Any CPU
		{174AAA78-AC1E-4B02-AB86-E86E3AAEDBAD}.Debug|ARM.ActiveCfg = Debug|Any CPU
		{174AAA78-AC1E-4B02-AB86-E86E3AAEDBAD}.Debug|iPhone.ActiveCfg = Debug|Any CPU
		{174AAA78-AC1E-4B02-AB86-E86E3AAEDBAD}.Debug|iPhoneSimulator.ActiveCfg = Debug|Any CPU
		{174AAA78-AC1E-4B02-AB86-E86E3AAEDBAD}.Debug|Mixed Platforms.ActiveCfg = Debug|Any CPU
		{174AAA78-AC1E-4B02-AB86-E86E3AAEDBAD}.Debug|Mixed Platforms.Build.0 = Debug|Any CPU
		{174AAA78-AC1E-4B02-AB86-E86E3AAEDBAD}.Debug|Mixed Platforms.Deploy.0 = Debug|Any CPU
		{174AAA78-AC1E-4B02-AB86-E86E3AAEDBAD}.Debug|x86.ActiveCfg = Debug|Any CPU
		{174AAA78-AC1E-4B02-AB86-E86E3AAEDBAD}.Release|Any CPU.ActiveCfg = Release|Any CPU
		{174AAA78-AC1E-4B02-AB86-E86E3AAEDBAD}.Release|Any CPU.Build.0 = Release|Any CPU
		{174AAA78-AC1E-4B02-AB86-E86E3AAEDBAD}.Release|ARM.ActiveCfg = Release|Any CPU
		{174AAA78-AC1E-4B02-AB86-E86E3AAEDBAD}.Release|iPhone.ActiveCfg = Release|Any CPU
		{174AAA78-AC1E-4B02-AB86-E86E3AAEDBAD}.Release|iPhoneSimulator.ActiveCfg = Release|Any CPU
		{174AAA78-AC1E-4B02-AB86-E86E3AAEDBAD}.Release|Mixed Platforms.ActiveCfg = Release|Any CPU
		{174AAA78-AC1E-4B02-AB86-E86E3AAEDBAD}.Release|Mixed Platforms.Build.0 = Release|Any CPU
		{174AAA78-AC1E-4B02-AB86-E86E3AAEDBAD}.Release|x86.ActiveCfg = Release|Any CPU
		{75B30A82-5078-44D9-A6A9-FAA17BB90271}.Ad-Hoc|Any CPU.ActiveCfg = Release|Any CPU
		{75B30A82-5078-44D9-A6A9-FAA17BB90271}.Ad-Hoc|Any CPU.Build.0 = Release|Any CPU
		{75B30A82-5078-44D9-A6A9-FAA17BB90271}.Ad-Hoc|ARM.ActiveCfg = Release|Any CPU
		{75B30A82-5078-44D9-A6A9-FAA17BB90271}.Ad-Hoc|iPhone.ActiveCfg = Release|Any CPU
		{75B30A82-5078-44D9-A6A9-FAA17BB90271}.Ad-Hoc|iPhoneSimulator.ActiveCfg = Release|Any CPU
		{75B30A82-5078-44D9-A6A9-FAA17BB90271}.Ad-Hoc|Mixed Platforms.ActiveCfg = Release|Any CPU
		{75B30A82-5078-44D9-A6A9-FAA17BB90271}.Ad-Hoc|Mixed Platforms.Build.0 = Release|Any CPU
		{75B30A82-5078-44D9-A6A9-FAA17BB90271}.Ad-Hoc|x86.ActiveCfg = Release|Any CPU
		{75B30A82-5078-44D9-A6A9-FAA17BB90271}.AppStore|Any CPU.ActiveCfg = Release|Any CPU
		{75B30A82-5078-44D9-A6A9-FAA17BB90271}.AppStore|Any CPU.Build.0 = Release|Any CPU
		{75B30A82-5078-44D9-A6A9-FAA17BB90271}.AppStore|ARM.ActiveCfg = Release|Any CPU
		{75B30A82-5078-44D9-A6A9-FAA17BB90271}.AppStore|iPhone.ActiveCfg = Release|Any CPU
		{75B30A82-5078-44D9-A6A9-FAA17BB90271}.AppStore|iPhoneSimulator.ActiveCfg = Release|Any CPU
		{75B30A82-5078-44D9-A6A9-FAA17BB90271}.AppStore|Mixed Platforms.ActiveCfg = Release|Any CPU
		{75B30A82-5078-44D9-A6A9-FAA17BB90271}.AppStore|Mixed Platforms.Build.0 = Release|Any CPU
		{75B30A82-5078-44D9-A6A9-FAA17BB90271}.AppStore|x86.ActiveCfg = Release|Any CPU
		{75B30A82-5078-44D9-A6A9-FAA17BB90271}.Debug|Any CPU.ActiveCfg = Debug|Any CPU
		{75B30A82-5078-44D9-A6A9-FAA17BB90271}.Debug|Any CPU.Build.0 = Debug|Any CPU
		{75B30A82-5078-44D9-A6A9-FAA17BB90271}.Debug|ARM.ActiveCfg = Debug|Any CPU
		{75B30A82-5078-44D9-A6A9-FAA17BB90271}.Debug|iPhone.ActiveCfg = Debug|Any CPU
		{75B30A82-5078-44D9-A6A9-FAA17BB90271}.Debug|iPhoneSimulator.ActiveCfg = Debug|Any CPU
		{75B30A82-5078-44D9-A6A9-FAA17BB90271}.Debug|Mixed Platforms.ActiveCfg = Debug|Any CPU
		{75B30A82-5078-44D9-A6A9-FAA17BB90271}.Debug|Mixed Platforms.Build.0 = Debug|Any CPU
		{75B30A82-5078-44D9-A6A9-FAA17BB90271}.Debug|x86.ActiveCfg = Debug|Any CPU
		{75B30A82-5078-44D9-A6A9-FAA17BB90271}.Release|Any CPU.ActiveCfg = Release|Any CPU
		{75B30A82-5078-44D9-A6A9-FAA17BB90271}.Release|Any CPU.Build.0 = Release|Any CPU
		{75B30A82-5078-44D9-A6A9-FAA17BB90271}.Release|ARM.ActiveCfg = Release|Any CPU
		{75B30A82-5078-44D9-A6A9-FAA17BB90271}.Release|iPhone.ActiveCfg = Release|Any CPU
		{75B30A82-5078-44D9-A6A9-FAA17BB90271}.Release|iPhoneSimulator.ActiveCfg = Release|Any CPU
		{75B30A82-5078-44D9-A6A9-FAA17BB90271}.Release|Mixed Platforms.ActiveCfg = Release|Any CPU
		{75B30A82-5078-44D9-A6A9-FAA17BB90271}.Release|Mixed Platforms.Build.0 = Release|Any CPU
		{75B30A82-5078-44D9-A6A9-FAA17BB90271}.Release|x86.ActiveCfg = Release|Any CPU
		{FAA52C78-5025-4B9B-9F2D-5C13F6B89E1F}.Ad-Hoc|Any CPU.ActiveCfg = Release|Any CPU
		{FAA52C78-5025-4B9B-9F2D-5C13F6B89E1F}.Ad-Hoc|Any CPU.Build.0 = Release|Any CPU
		{FAA52C78-5025-4B9B-9F2D-5C13F6B89E1F}.Ad-Hoc|ARM.ActiveCfg = Release|Any CPU
		{FAA52C78-5025-4B9B-9F2D-5C13F6B89E1F}.Ad-Hoc|iPhone.ActiveCfg = Release|Any CPU
		{FAA52C78-5025-4B9B-9F2D-5C13F6B89E1F}.Ad-Hoc|iPhoneSimulator.ActiveCfg = Release|Any CPU
		{FAA52C78-5025-4B9B-9F2D-5C13F6B89E1F}.Ad-Hoc|Mixed Platforms.ActiveCfg = Release|Any CPU
		{FAA52C78-5025-4B9B-9F2D-5C13F6B89E1F}.Ad-Hoc|Mixed Platforms.Build.0 = Release|Any CPU
		{FAA52C78-5025-4B9B-9F2D-5C13F6B89E1F}.Ad-Hoc|x86.ActiveCfg = Release|Any CPU
		{FAA52C78-5025-4B9B-9F2D-5C13F6B89E1F}.AppStore|Any CPU.ActiveCfg = Release|Any CPU
		{FAA52C78-5025-4B9B-9F2D-5C13F6B89E1F}.AppStore|Any CPU.Build.0 = Release|Any CPU
		{FAA52C78-5025-4B9B-9F2D-5C13F6B89E1F}.AppStore|ARM.ActiveCfg = Release|Any CPU
		{FAA52C78-5025-4B9B-9F2D-5C13F6B89E1F}.AppStore|iPhone.ActiveCfg = Release|Any CPU
		{FAA52C78-5025-4B9B-9F2D-5C13F6B89E1F}.AppStore|iPhoneSimulator.ActiveCfg = Release|Any CPU
		{FAA52C78-5025-4B9B-9F2D-5C13F6B89E1F}.AppStore|Mixed Platforms.ActiveCfg = Release|Any CPU
		{FAA52C78-5025-4B9B-9F2D-5C13F6B89E1F}.AppStore|Mixed Platforms.Build.0 = Release|Any CPU
		{FAA52C78-5025-4B9B-9F2D-5C13F6B89E1F}.AppStore|x86.ActiveCfg = Release|Any CPU
		{FAA52C78-5025-4B9B-9F2D-5C13F6B89E1F}.Debug|Any CPU.ActiveCfg = Debug|Any CPU
		{FAA52C78-5025-4B9B-9F2D-5C13F6B89E1F}.Debug|Any CPU.Build.0 = Debug|Any CPU
		{FAA52C78-5025-4B9B-9F2D-5C13F6B89E1F}.Debug|ARM.ActiveCfg = Debug|Any CPU
		{FAA52C78-5025-4B9B-9F2D-5C13F6B89E1F}.Debug|iPhone.ActiveCfg = Debug|Any CPU
		{FAA52C78-5025-4B9B-9F2D-5C13F6B89E1F}.Debug|iPhoneSimulator.ActiveCfg = Debug|Any CPU
		{FAA52C78-5025-4B9B-9F2D-5C13F6B89E1F}.Debug|Mixed Platforms.ActiveCfg = Debug|Any CPU
		{FAA52C78-5025-4B9B-9F2D-5C13F6B89E1F}.Debug|Mixed Platforms.Build.0 = Debug|Any CPU
		{FAA52C78-5025-4B9B-9F2D-5C13F6B89E1F}.Debug|x86.ActiveCfg = Debug|Any CPU
		{FAA52C78-5025-4B9B-9F2D-5C13F6B89E1F}.Release|Any CPU.ActiveCfg = Release|Any CPU
		{FAA52C78-5025-4B9B-9F2D-5C13F6B89E1F}.Release|Any CPU.Build.0 = Release|Any CPU
		{FAA52C78-5025-4B9B-9F2D-5C13F6B89E1F}.Release|ARM.ActiveCfg = Release|Any CPU
		{FAA52C78-5025-4B9B-9F2D-5C13F6B89E1F}.Release|iPhone.ActiveCfg = Release|Any CPU
		{FAA52C78-5025-4B9B-9F2D-5C13F6B89E1F}.Release|iPhoneSimulator.ActiveCfg = Release|Any CPU
		{FAA52C78-5025-4B9B-9F2D-5C13F6B89E1F}.Release|Mixed Platforms.ActiveCfg = Release|Any CPU
		{FAA52C78-5025-4B9B-9F2D-5C13F6B89E1F}.Release|Mixed Platforms.Build.0 = Release|Any CPU
		{FAA52C78-5025-4B9B-9F2D-5C13F6B89E1F}.Release|x86.ActiveCfg = Release|Any CPU
	EndGlobalSection
	GlobalSection(SolutionProperties) = preSolution
		HideSolutionNode = FALSE
	EndGlobalSection
	GlobalSection(MonoDevelopProperties) = preSolution
		StartupItem = ProjectLog.Touch\ProjectLog.Touch.csproj
		Policies = $0
		$0.DotNetNamingPolicy = $1
		$1.DirectoryNamespaceAssociation = None
		$1.ResourceNamePolicy = FileFormatDefault
		$0.StandardHeader = $2
		$2.Text = 
		$2.IncludeInNewFiles = True
		$0.NameConventionPolicy = $3
		$3.Rules = $4
		$4.NamingRule = $24
		$5.Name = Namespaces
		$5.AffectedEntity = Namespace
		$5.VisibilityMask = VisibilityMask
		$5.NamingStyle = PascalCase
		$5.IncludeInstanceMembers = True
		$5.IncludeStaticEntities = True
		$6.Name = Types
		$6.AffectedEntity = Class, Struct, Enum, Delegate
		$6.VisibilityMask = Public
		$6.NamingStyle = PascalCase
		$6.IncludeInstanceMembers = True
		$6.IncludeStaticEntities = True
		$7.Name = Interfaces
		$7.RequiredPrefixes = $8
		$8.String = I
		$7.AffectedEntity = Interface
		$7.VisibilityMask = Public
		$7.NamingStyle = PascalCase
		$7.IncludeInstanceMembers = True
		$7.IncludeStaticEntities = True
		$9.Name = Attributes
		$9.RequiredSuffixes = $10
		$10.String = Attribute
		$9.AffectedEntity = CustomAttributes
		$9.VisibilityMask = Public
		$9.NamingStyle = PascalCase
		$9.IncludeInstanceMembers = True
		$9.IncludeStaticEntities = True
		$11.Name = Event Arguments
		$11.RequiredSuffixes = $12
		$12.String = EventArgs
		$11.AffectedEntity = CustomEventArgs
		$11.VisibilityMask = Public
		$11.NamingStyle = PascalCase
		$11.IncludeInstanceMembers = True
		$11.IncludeStaticEntities = True
		$13.Name = Exceptions
		$13.RequiredSuffixes = $14
		$14.String = Exception
		$13.AffectedEntity = CustomExceptions
		$13.VisibilityMask = VisibilityMask
		$13.NamingStyle = PascalCase
		$13.IncludeInstanceMembers = True
		$13.IncludeStaticEntities = True
		$15.Name = Methods
		$15.AffectedEntity = Methods
		$15.VisibilityMask = Protected, Public
		$15.NamingStyle = PascalCase
		$15.IncludeInstanceMembers = True
		$15.IncludeStaticEntities = True
		$16.Name = Static Readonly Fields
		$16.AffectedEntity = ReadonlyField
		$16.VisibilityMask = Protected, Public
		$16.NamingStyle = PascalCase
		$16.IncludeInstanceMembers = False
		$16.IncludeStaticEntities = True
		$17.Name = Fields
		$17.AffectedEntity = Field
		$17.VisibilityMask = Protected, Public
		$17.NamingStyle = PascalCase
		$17.IncludeInstanceMembers = True
		$17.IncludeStaticEntities = True
		$18.Name = ReadOnly Fields
		$18.AffectedEntity = ReadonlyField
		$18.VisibilityMask = Protected, Public
		$18.NamingStyle = PascalCase
		$18.IncludeInstanceMembers = True
		$18.IncludeStaticEntities = False
		$19.Name = Constant Fields
		$19.AffectedEntity = ConstantField
		$19.VisibilityMask = Protected, Public
		$19.NamingStyle = PascalCase
		$19.IncludeInstanceMembers = True
		$19.IncludeStaticEntities = True
		$20.Name = Properties
		$20.AffectedEntity = Property
		$20.VisibilityMask = Protected, Public
		$20.NamingStyle = PascalCase
		$20.IncludeInstanceMembers = True
		$20.IncludeStaticEntities = True
		$21.Name = Events
		$21.AffectedEntity = Event
		$21.VisibilityMask = Protected, Public
		$21.NamingStyle = PascalCase
		$21.IncludeInstanceMembers = True
		$21.IncludeStaticEntities = True
		$22.Name = Enum Members
		$22.AffectedEntity = EnumMember
		$22.VisibilityMask = VisibilityMask
		$22.NamingStyle = PascalCase
		$22.IncludeInstanceMembers = True
		$22.IncludeStaticEntities = True
		$23.Name = Parameters
		$23.AffectedEntity = Parameter
		$23.VisibilityMask = VisibilityMask
		$23.NamingStyle = CamelCase
		$23.IncludeInstanceMembers = True
		$23.IncludeStaticEntities = True
		$24.Name = Type Parameters
		$24.RequiredPrefixes = $25
		$25.String = T
		$24.AffectedEntity = TypeParameter
		$24.VisibilityMask = VisibilityMask
		$24.NamingStyle = PascalCase
		$24.IncludeInstanceMembers = True
		$24.IncludeStaticEntities = True
		$0.VersionControlPolicy = $26
		$26.inheritsSet = Mono
		$0.ChangeLogPolicy = $27
		$27.UpdateMode = None
		$27.MessageStyle = $28
		$28.LineAlign = 0
		$27.inheritsSet = Mono
	EndGlobalSection
EndGlobal
