
Microsoft Visual Studio Solution File, Format Version 12.00
# Visual Studio 2012
Project("{FAE04EC0-301F-11D3-BF4B-00C04F79EFBC}") = "ProjectLog.Core", "ProjectLog.Core\ProjectLog.Core.csproj", "{F37A2A9B-00FF-4F08-BC30-FEECB7A6798F}"
EndProject
Project("{FAE04EC0-301F-11D3-BF4B-00C04F79EFBC}") = "ProjectLog.Touch", "ProjectLog.Touch\ProjectLog.Touch.csproj", "{78C5729E-4F2A-43D7-9A80-BF4DD40C92A3}"
EndProject
Project("{FAE04EC0-301F-11D3-BF4B-00C04F79EFBC}") = "ProjectLog.Droid", "ProjectLog.Droid\ProjectLog.Droid.csproj", "{AF14D185-0ABF-4090-B961-BF79CF99E45E}"
EndProject
Project("{FAE04EC0-301F-11D3-BF4B-00C04F79EFBC}") = "ProjectLog.WP8", "ProjectLog.WP8\ProjectLog.WP8.csproj", "{636CAF59-B79F-4ED0-B1EC-F0DEA65474C1}"
EndProject
Project("{FAE04EC0-301F-11D3-BF4B-00C04F79EFBC}") = "ProjectLog.UnitTests", "ProjectLog.UnitTests\ProjectLog.UnitTests.csproj", "{174AAA78-AC1E-4B02-AB86-E86E3AAEDBAD}"
EndProject
Project("{FAE04EC0-301F-11D3-BF4B-00C04F79EFBC}") = "ProjectLog.Web", "ProjectLog.Web\ProjectLog.Web.csproj", "{75B30A82-5078-44D9-A6A9-FAA17BB90271}"
EndProject
Project("{FAE04EC0-301F-11D3-BF4B-00C04F79EFBC}") = "ProjectLog.Contracts", "ProjectLog.Contracts\ProjectLog.Contracts.csproj", "{FAA52C78-5025-4B9B-9F2D-5C13F6B89E1F}"
EndProject
Global
	GlobalSection(SolutionConfigurationPlatforms) = preSolution
		Ad-Hoc|Any CPU = Ad-Hoc|Any CPU
		Ad-Hoc|ARM = Ad-Hoc|ARM
		Ad-Hoc|iPhone = Ad-Hoc|iPhone
		Ad-Hoc|iPhoneSimulator = Ad-Hoc|iPhoneSimulator
		Ad-Hoc|Mixed Platforms = Ad-Hoc|Mixed Platforms
		Ad-Hoc|x86 = Ad-Hoc|x86
		AppStore|Any CPU = AppStore|Any CPU
		AppStore|ARM = AppStore|ARM
		AppStore|iPhone = AppStore|iPhone
		AppStore|iPhoneSimulator = AppStore|iPhoneSimulator
		AppStore|Mixed Platforms = AppStore|Mixed Platforms
		AppStore|x86 = AppStore|x86
		Debug|Any CPU = Debug|Any CPU
		Debug|ARM = Debug|ARM
		Debug|iPhone = Debug|iPhone
		Debug|iPhoneSimulator = Debug|iPhoneSimulator
		Debug|Mixed Platforms = Debug|Mixed Platforms
		Debug|x86 = Debug|x86
		Release|Any CPU = Release|Any CPU
		Release|ARM = Release|ARM
		Release|iPhone = Release|iPhone
		Release|iPhoneSimulator = Release|iPhoneSimulator
		Release|Mixed Platforms = Release|Mixed Platforms
		Release|x86 = Release|x86
	EndGlobalSection
	GlobalSection(ProjectConfigurationPlatforms) = postSolution
		{F37A2A9B-00FF-4F08-BC30-FEECB7A6798F}.Ad-Hoc|Any CPU.ActiveCfg = Release|Any CPU
		{F37A2A9B-00FF-4F08-BC30-FEECB7A6798F}.Ad-Hoc|Any CPU.Build.0 = Release|Any CPU
		{F37A2A9B-00FF-4F08-BC30-FEECB7A6798F}.Ad-Hoc|ARM.ActiveCfg = Release|Any CPU
		{F37A2A9B-00FF-4F08-BC30-FEECB7A6798F}.Ad-Hoc|iPhone.ActiveCfg = Release|Any CPU
		{F37A2A9B-00FF-4F08-BC30-FEECB7A6798F}.Ad-Hoc|iPhoneSimulator.ActiveCfg = Release|Any CPU
		{F37A2A9B-00FF-4F08-BC30-FEECB7A6798F}.Ad-Hoc|Mixed Platforms.ActiveCfg = Release|Any CPU
		{F37A2A9B-00FF-4F08-BC30-FEECB7A6798F}.Ad-Hoc|Mixed Platforms.Build.0 = Release|Any CPU
		{F37A2A9B-00FF-4F08-BC30-FEECB7A6798F}.Ad-Hoc|x86.ActiveCfg = Release|Any CPU
		{F37A2A9B-00FF-4F08-BC30-FEECB7A6798F}.AppStore|Any CPU.ActiveCfg = Release|Any CPU
		{F37A2A9B-00FF-4F08-BC30-FEECB7A6798F}.AppStore|Any CPU.Build.0 = Release|Any CPU
		{F37A2A9B-00FF-4F08-BC30-FEECB7A6798F}.AppStore|ARM.ActiveCfg = Release|Any CPU
		{F37A2A9B-00FF-4F08-BC30-FEECB7A6798F}.AppStore|iPhone.ActiveCfg = Release|Any CPU
		{F37A2A9B-00FF-4F08-BC30-FEECB7A6798F}.AppStore|iPhoneSimulator.ActiveCfg = Release|Any CPU
		{F37A2A9B-00FF-4F08-BC30-FEECB7A6798F}.AppStore|Mixed Platforms.ActiveCfg = Release|Any CPU
		{F37A2A9B-00FF-4F08-BC30-FEECB7A6798F}.AppStore|Mixed Platforms.Build.0 = Release|Any CPU
		{F37A2A9B-00FF-4F08-BC30-FEECB7A6798F}.AppStore|x86.ActiveCfg = Release|Any CPU
		{F37A2A9B-00FF-4F08-BC30-FEECB7A6798F}.Debug|Any CPU.ActiveCfg = Debug|Any CPU
		{F37A2A9B-00FF-4F08-BC30-FEECB7A6798F}.Debug|Any CPU.Build.0 = Debug|Any CPU
		{F37A2A9B-00FF-4F08-BC30-FEECB7A6798F}.Debug|ARM.ActiveCfg = Debug|Any CPU
		{F37A2A9B-00FF-4F08-BC30-FEECB7A6798F}.Debug|iPhone.ActiveCfg = Debug|Any CPU
		{F37A2A9B-00FF-4F08-BC30-FEECB7A6798F}.Debug|iPhoneSimulator.ActiveCfg = Debug|Any CPU
		{F37A2A9B-00FF-4F08-BC30-FEECB7A6798F}.Debug|Mixed Platforms.ActiveCfg = Debug|Any CPU
		{F37A2A9B-00FF-4F08-BC30-FEECB7A6798F}.Debug|Mixed Platforms.Build.0 = Debug|Any CPU
		{F37A2A9B-00FF-4F08-BC30-FEECB7A6798F}.Debug|x86.ActiveCfg = Debug|Any CPU
		{F37A2A9B-00FF-4F08-BC30-FEECB7A6798F}.Release|Any CPU.ActiveCfg = Release|Any CPU
		{F37A2A9B-00FF-4F08-BC30-FEECB7A6798F}.Release|Any CPU.Build.0 = Release|Any CPU
		{F37A2A9B-00FF-4F08-BC30-FEECB7A6798F}.Release|ARM.ActiveCfg = Release|Any CPU
		{F37A2A9B-00FF-4F08-BC30-FEECB7A6798F}.Release|iPhone.ActiveCfg = Release|Any CPU
		{F37A2A9B-00FF-4F08-BC30-FEECB7A6798F}.Release|iPhoneSimulator.ActiveCfg = Release|Any CPU
		{F37A2A9B-00FF-4F08-BC30-FEECB7A6798F}.Release|Mixed Platforms.ActiveCfg = Release|Any CPU
		{F37A2A9B-00FF-4F08-BC30-FEECB7A6798F}.Release|Mixed Platforms.Build.0 = Release|Any CPU
		{F37A2A9B-00FF-4F08-BC30-FEECB7A6798F}.Release|x86.ActiveCfg = Release|Any CPU
		{78C5729E-4F2A-43D7-9A80-BF4DD40C92A3}.Ad-Hoc|Any CPU.ActiveCfg = Ad-Hoc|iPhone
		{78C5729E-4F2A-43D7-9A80-BF4DD40C92A3}.Ad-Hoc|ARM.ActiveCfg = Ad-Hoc|iPhone
		{78C5729E-4F2A-43D7-9A80-BF4DD40C92A3}.Ad-Hoc|iPhone.ActiveCfg = Ad-Hoc|iPhone
		{78C5729E-4F2A-43D7-9A80-BF4DD40C92A3}.Ad-Hoc|iPhone.Build.0 = Ad-Hoc|iPhone
		{78C5729E-4F2A-43D7-9A80-BF4DD40C92A3}.Ad-Hoc|iPhoneSimulator.ActiveCfg = Ad-Hoc|iPhoneSimulator
		{78C5729E-4F2A-43D7-9A80-BF4DD40C92A3}.Ad-Hoc|iPhoneSimulator.Build.0 = Ad-Hoc|iPhoneSimulator
		{78C5729E-4F2A-43D7-9A80-BF4DD40C92A3}.Ad-Hoc|Mixed Platforms.ActiveCfg = Ad-Hoc|iPhone
		{78C5729E-4F2A-43D7-9A80-BF4DD40C92A3}.Ad-Hoc|Mixed Platforms.Build.0 = Ad-Hoc|iPhone
		{78C5729E-4F2A-43D7-9A80-BF4DD40C92A3}.Ad-Hoc|x86.ActiveCfg = Ad-Hoc|iPhone
		{78C5729E-4F2A-43D7-9A80-BF4DD40C92A3}.AppStore|Any CPU.ActiveCfg = AppStore|iPhone
		{78C5729E-4F2A-43D7-9A80-BF4DD40C92A3}.AppStore|ARM.ActiveCfg = AppStore|iPhone
		{78C5729E-4F2A-43D7-9A80-BF4DD40C92A3}.AppStore|iPhone.ActiveCfg = AppStore|iPhone
		{78C5729E-4F2A-43D7-9A80-BF4DD40C92A3}.AppStore|iPhone.Build.0 = AppStore|iPhone
		{78C5729E-4F2A-43D7-9A80-BF4DD40C92A3}.AppStore|iPhoneSimulator.ActiveCfg = AppStore|iPhoneSimulator
		{78C5729E-4F2A-43D7-9A80-BF4DD40C92A3}.AppStore|iPhoneSimulator.Build.0 = AppStore|iPhoneSimulator
		{78C5729E-4F2A-43D7-9A80-BF4DD40C92A3}.AppStore|Mixed Platforms.ActiveCfg = AppStore|iPhone
		{78C5729E-4F2A-43D7-9A80-BF4DD40C92A3}.AppStore|Mixed Platforms.Build.0 = AppStore|iPhone
		{78C5729E-4F2A-43D7-9A80-BF4DD40C92A3}.AppStore|x86.ActiveCfg = AppStore|iPhone
		{78C5729E-4F2A-43D7-9A80-BF4DD40C92A3}.Debug|Any CPU.ActiveCfg = Debug|iPhone
		{78C5729E-4F2A-43D7-9A80-BF4DD40C92A3}.Debug|ARM.ActiveCfg = Debug|iPhone
		{78C5729E-4F2A-43D7-9A80-BF4DD40C92A3}.Debug|iPhone.ActiveCfg = Debug|iPhone
		{78C5729E-4F2A-43D7-9A80-BF4DD40C92A3}.Debug|iPhone.Build.0 = Debug|iPhone
		{78C5729E-4F2A-43D7-9A80-BF4DD40C92A3}.Debug|iPhoneSimulator.ActiveCfg = Debug|iPhoneSimulator
		{78C5729E-4F2A-43D7-9A80-BF4DD40C92A3}.Debug|iPhoneSimulator.Build.0 = Debug|iPhoneSimulator
		{78C5729E-4F2A-43D7-9A80-BF4DD40C92A3}.Debug|Mixed Platforms.ActiveCfg = Debug|iPhoneSimulator
		{78C5729E-4F2A-43D7-9A80-BF4DD40C92A3}.Debug|Mixed Platforms.Build.0 = Debug|iPhoneSimulator
		{78C5729E-4F2A-43D7-9A80-BF4DD40C92A3}.Debug|x86.ActiveCfg = Debug|iPhone
		{78C5729E-4F2A-43D7-9A80-BF4DD40C92A3}.Release|Any CPU.ActiveCfg = Release|iPhone
		{78C5729E-4F2A-43D7-9A80-BF4DD40C92A3}.Release|ARM.ActiveCfg = Release|iPhone
		{78C5729E-4F2A-43D7-9A80-BF4DD40C92A3}.Release|iPhone.ActiveCfg = Release|iPhone
		{78C5729E-4F2A-43D7-9A80-BF4DD40C92A3}.Release|iPhone.Build.0 = Release|iPhone
		{78C5729E-4F2A-43D7-9A80-BF4DD40C92A3}.Release|iPhoneSimulator.ActiveCfg = Release|iPhoneSimulator
		{78C5729E-4F2A-43D7-9A80-BF4DD40C92A3}.Release|iPhoneSimulator.Build.0 = Release|iPhoneSimulator
		{78C5729E-4F2A-43D7-9A80-BF4DD40C92A3}.Release|Mixed Platforms.ActiveCfg = Release|iPhone
		{78C5729E-4F2A-43D7-9A80-BF4DD40C92A3}.Release|Mixed Platforms.Build.0 = Release|iPhone
		{78C5729E-4F2A-43D7-9A80-BF4DD40C92A3}.Release|x86.ActiveCfg = Release|iPhone
		{AF14D185-0ABF-4090-B961-BF79CF99E45E}.Ad-Hoc|Any CPU.ActiveCfg = Release|Any CPU
		{AF14D185-0ABF-4090-B961-BF79CF99E45E}.Ad-Hoc|Any CPU.Build.0 = Release|Any CPU
		{AF14D185-0ABF-4090-B961-BF79CF99E45E}.Ad-Hoc|Any CPU.Deploy.0 = Release|Any CPU
		{AF14D185-0ABF-4090-B961-BF79CF99E45E}.Ad-Hoc|ARM.ActiveCfg = Release|Any CPU
		{AF14D185-0ABF-4090-B961-BF79CF99E45E}.Ad-Hoc|iPhone.ActiveCfg = Release|Any CPU
		{AF14D185-0ABF-4090-B961-BF79CF99E45E}.Ad-Hoc|iPhoneSimulator.ActiveCfg = Release|Any CPU
		{AF14D185-0ABF-4090-B961-BF79CF99E45E}.Ad-Hoc|Mixed Platforms.ActiveCfg = Release|Any CPU
		{AF14D185-0ABF-4090-B961-BF79CF99E45E}.Ad-Hoc|Mixed Platforms.Build.0 = Release|Any CPU
		{AF14D185-0ABF-4090-B961-BF79CF99E45E}.Ad-Hoc|Mixed Platforms.Deploy.0 = Release|Any CPU
		{AF14D185-0ABF-4090-B961-BF79CF99E45E}.Ad-Hoc|x86.ActiveCfg = Release|Any CPU
		{AF14D185-0ABF-4090-B961-BF79CF99E45E}.AppStore|Any CPU.ActiveCfg = Release|Any CPU
		{AF14D185-0ABF-4090-B961-BF79CF99E45E}.AppStore|Any CPU.Build.0 = Release|Any CPU
		{AF14D185-0ABF-4090-B961-BF79CF99E45E}.AppStore|Any CPU.Deploy.0 = Release|Any CPU
		{AF14D185-0ABF-4090-B961-BF79CF99E45E}.AppStore|ARM.ActiveCfg = Release|Any CPU
		{AF14D185-0ABF-4090-B961-BF79CF99E45E}.AppStore|iPhone.ActiveCfg = Release|Any CPU
		{AF14D185-0ABF-4090-B961-BF79CF99E45E}.AppStore|iPhoneSimulator.ActiveCfg = Release|Any CPU
		{AF14D185-0ABF-4090-B961-BF79CF99E45E}.AppStore|Mixed Platforms.ActiveCfg = Release|Any CPU
		{AF14D185-0ABF-4090-B961-BF79CF99E45E}.AppStore|Mixed Platforms.Build.0 = Release|Any CPU
		{AF14D185-0ABF-4090-B961-BF79CF99E45E}.AppStore|Mixed Platforms.Deploy.0 = Release|Any CPU
		{AF14D185-0ABF-4090-B961-BF79CF99E45E}.AppStore|x86.ActiveCfg = Release|Any CPU
		{AF14D185-0ABF-4090-B961-BF79CF99E45E}.Debug|Any CPU.ActiveCfg = Debug|Any CPU
		{AF14D185-0ABF-4090-B961-BF79CF99E45E}.Debug|Any CPU.Build.0 = Debug|Any CPU
		{AF14D185-0ABF-4090-B961-BF79CF99E45E}.Debug|Any CPU.Deploy.0 = Debug|Any CPU
		{AF14D185-0ABF-4090-B961-BF79CF99E45E}.Debug|ARM.ActiveCfg = Debug|Any CPU
		{AF14D185-0ABF-4090-B961-BF79CF99E45E}.Debug|iPhone.ActiveCfg = Debug|Any CPU
		{AF14D185-0ABF-4090-B961-BF79CF99E45E}.Debug|iPhoneSimulator.ActiveCfg = Debug|Any CPU
		{AF14D185-0ABF-4090-B961-BF79CF99E45E}.Debug|Mixed Platforms.ActiveCfg = Debug|Any CPU
		{AF14D185-0ABF-4090-B961-BF79CF99E45E}.Debug|Mixed Platforms.Build.0 = Debug|Any CPU
		{AF14D185-0ABF-4090-B961-BF79CF99E45E}.Debug|x86.ActiveCfg = Debug|Any CPU
		{AF14D185-0ABF-4090-B961-BF79CF99E45E}.Release|Any CPU.ActiveCfg = Release|Any CPU
		{AF14D185-0ABF-4090-B961-BF79CF99E45E}.Release|Any CPU.Build.0 = Release|Any CPU
		{AF14D185-0ABF-4090-B961-BF79CF99E45E}.Release|Any CPU.Deploy.0 = Release|Any CPU
		{AF14D185-0ABF-4090-B961-BF79CF99E45E}.Release|ARM.ActiveCfg = Release|Any CPU
		{AF14D185-0ABF-4090-B961-BF79CF99E45E}.Release|iPhone.ActiveCfg = Release|Any CPU
		{AF14D185-0ABF-4090-B961-BF79CF99E45E}.Release|iPhoneSimulator.ActiveCfg = Release|Any CPU
		{AF14D185-0ABF-4090-B961-BF79CF99E45E}.Release|Mixed Platforms.ActiveCfg = Release|Any CPU
		{AF14D185-0ABF-4090-B961-BF79CF99E45E}.Release|Mixed Platforms.Build.0 = Release|Any CPU
		{AF14D185-0ABF-4090-B961-BF79CF99E45E}.Release|Mixed Platforms.Deploy.0 = Release|Any CPU
		{AF14D185-0ABF-4090-B961-BF79CF99E45E}.Release|x86.ActiveCfg = Release|Any CPU
		{636CAF59-B79F-4ED0-B1EC-F0DEA65474C1}.Ad-Hoc|Any CPU.ActiveCfg = Release|Any CPU
		{636CAF59-B79F-4ED0-B1EC-F0DEA65474C1}.Ad-Hoc|Any CPU.Build.0 = Release|Any CPU
		{636CAF59-B79F-4ED0-B1EC-F0DEA65474C1}.Ad-Hoc|Any CPU.Deploy.0 = Release|Any CPU
		{636CAF59-B79F-4ED0-B1EC-F0DEA65474C1}.Ad-Hoc|ARM.ActiveCfg = Release|ARM
		{636CAF59-B79F-4ED0-B1EC-F0DEA65474C1}.Ad-Hoc|ARM.Build.0 = Release|ARM
		{636CAF59-B79F-4ED0-B1EC-F0DEA65474C1}.Ad-Hoc|ARM.Deploy.0 = Release|ARM
		{636CAF59-B79F-4ED0-B1EC-F0DEA65474C1}.Ad-Hoc|iPhone.ActiveCfg = Release|Any CPU
		{636CAF59-B79F-4ED0-B1EC-F0DEA65474C1}.Ad-Hoc|iPhoneSimulator.ActiveCfg = Release|Any CPU
		{636CAF59-B79F-4ED0-B1EC-F0DEA65474C1}.Ad-Hoc|Mixed Platforms.ActiveCfg = Release|x86
		{636CAF59-B79F-4ED0-B1EC-F0DEA65474C1}.Ad-Hoc|Mixed Platforms.Build.0 = Release|x86
		{636CAF59-B79F-4ED0-B1EC-F0DEA65474C1}.Ad-Hoc|Mixed Platforms.Deploy.0 = Release|x86
		{636CAF59-B79F-4ED0-B1EC-F0DEA65474C1}.Ad-Hoc|x86.ActiveCfg = Release|x86
		{636CAF59-B79F-4ED0-B1EC-F0DEA65474C1}.Ad-Hoc|x86.Build.0 = Release|x86
		{636CAF59-B79F-4ED0-B1EC-F0DEA65474C1}.Ad-Hoc|x86.Deploy.0 = Release|x86
		{636CAF59-B79F-4ED0-B1EC-F0DEA65474C1}.AppStore|Any CPU.ActiveCfg = Release|Any CPU
		{636CAF59-B79F-4ED0-B1EC-F0DEA65474C1}.AppStore|Any CPU.Build.0 = Release|Any CPU
		{636CAF59-B79F-4ED0-B1EC-F0DEA65474C1}.AppStore|Any CPU.Deploy.0 = Release|Any CPU
		{636CAF59-B79F-4ED0-B1EC-F0DEA65474C1}.AppStore|ARM.ActiveCfg = Release|ARM
		{636CAF59-B79F-4ED0-B1EC-F0DEA65474C1}.AppStore|ARM.Build.0 = Release|ARM
		{636CAF59-B79F-4ED0-B1EC-F0DEA65474C1}.AppStore|ARM.Deploy.0 = Release|ARM
		{636CAF59-B79F-4ED0-B1EC-F0DEA65474C1}.AppStore|iPhone.ActiveCfg = Release|Any CPU
		{636CAF59-B79F-4ED0-B1EC-F0DEA65474C1}.AppStore|iPhoneSimulator.ActiveCfg = Release|Any CPU
		{636CAF59-B79F-4ED0-B1EC-F0DEA65474C1}.AppStore|Mixed Platforms.ActiveCfg = Release|x86
		{636CAF59-B79F-4ED0-B1EC-F0DEA65474C1}.AppStore|Mixed Platforms.Build.0 = Release|x86
		{636CAF59-B79F-4ED0-B1EC-F0DEA65474C1}.AppStore|Mixed Platforms.Deploy.0 = Release|x86
		{636CAF59-B79F-4ED0-B1EC-F0DEA65474C1}.AppStore|x86.ActiveCfg = Release|x86
		{636CAF59-B79F-4ED0-B1EC-F0DEA65474C1}.AppStore|x86.Build.0 = Release|x86
		{636CAF59-B79F-4ED0-B1EC-F0DEA65474C1}.AppStore|x86.Deploy.0 = Release|x86
		{636CAF59-B79F-4ED0-B1EC-F0DEA65474C1}.Debug|Any CPU.ActiveCfg = Debug|Any CPU
		{636CAF59-B79F-4ED0-B1EC-F0DEA65474C1}.Debug|Any CPU.Build.0 = Debug|Any CPU
		{636CAF59-B79F-4ED0-B1EC-F0DEA65474C1}.Debug|Any CPU.Deploy.0 = Debug|Any CPU
		{636CAF59-B79F-4ED0-B1EC-F0DEA65474C1}.Debug|ARM.ActiveCfg = Debug|ARM
		{636CAF59-B79F-4ED0-B1EC-F0DEA65474C1}.Debug|ARM.Build.0 = Debug|ARM
		{636CAF59-B79F-4ED0-B1EC-F0DEA65474C1}.Debug|ARM.Deploy.0 = Debug|ARM
		{636CAF59-B79F-4ED0-B1EC-F0DEA65474C1}.Debug|iPhone.ActiveCfg = Debug|Any CPU
		{636CAF59-B79F-4ED0-B1EC-F0DEA65474C1}.Debug|iPhoneSimulator.ActiveCfg = Debug|Any CPU
		{636CAF59-B79F-4ED0-B1EC-F0DEA65474C1}.Debug|Mixed Platforms.ActiveCfg = Debug|x86
		{636CAF59-B79F-4ED0-B1EC-F0DEA65474C1}.Debug|Mixed Platforms.Build.0 = Debug|x86
		{636CAF59-B79F-4ED0-B1EC-F0DEA65474C1}.Debug|x86.ActiveCfg = Debug|x86
		{636CAF59-B79F-4ED0-B1EC-F0DEA65474C1}.Debug|x86.Build.0 = Debug|x86
		{636CAF59-B79F-4ED0-B1EC-F0DEA65474C1}.Debug|x86.Deploy.0 = Debug|x86
		{636CAF59-B79F-4ED0-B1EC-F0DEA65474C1}.Release|Any CPU.ActiveCfg = Release|Any CPU
		{636CAF59-B79F-4ED0-B1EC-F0DEA65474C1}.Release|Any CPU.Build.0 = Release|Any CPU
		{636CAF59-B79F-4ED0-B1EC-F0DEA65474C1}.Release|Any CPU.Deploy.0 = Release|Any CPU
		{636CAF59-B79F-4ED0-B1EC-F0DEA65474C1}.Release|ARM.ActiveCfg = Release|ARM
		{636CAF59-B79F-4ED0-B1EC-F0DEA65474C1}.Release|ARM.Build.0 = Release|ARM
		{636CAF59-B79F-4ED0-B1EC-F0DEA65474C1}.Release|ARM.Deploy.0 = Release|ARM
		{636CAF59-B79F-4ED0-B1EC-F0DEA65474C1}.Release|iPhone.ActiveCfg = Release|Any CPU
		{636CAF59-B79F-4ED0-B1EC-F0DEA65474C1}.Release|iPhoneSimulator.ActiveCfg = Release|Any CPU
		{636CAF59-B79F-4ED0-B1EC-F0DEA65474C1}.Release|Mixed Platforms.ActiveCfg = Release|x86
		{636CAF59-B79F-4ED0-B1EC-F0DEA65474C1}.Release|Mixed Platforms.Build.0 = Release|x86
		{636CAF59-B79F-4ED0-B1EC-F0DEA65474C1}.Release|Mixed Platforms.Deploy.0 = Release|x86
		{636CAF59-B79F-4ED0-B1EC-F0DEA65474C1}.Release|x86.ActiveCfg = Release|x86
		{636CAF59-B79F-4ED0-B1EC-F0DEA65474C1}.Release|x86.Build.0 = Release|x86
		{636CAF59-B79F-4ED0-B1EC-F0DEA65474C1}.Release|x86.Deploy.0 = Release|x86
		{174AAA78-AC1E-4B02-AB86-E86E3AAEDBAD}.Ad-Hoc|Any CPU.ActiveCfg = Release|Any CPU
		{174AAA78-AC1E-4B02-AB86-E86E3AAEDBAD}.Ad-Hoc|Any CPU.Build.0 = Release|Any CPU
		{174AAA78-AC1E-4B02-AB86-E86E3AAEDBAD}.Ad-Hoc|ARM.ActiveCfg = Release|Any CPU
		{174AAA78-AC1E-4B02-AB86-E86E3AAEDBAD}.Ad-Hoc|iPhone.ActiveCfg = Release|Any CPU
		{174AAA78-AC1E-4B02-AB86-E86E3AAEDBAD}.Ad-Hoc|iPhoneSimulator.ActiveCfg = Release|Any CPU
		{174AAA78-AC1E-4B02-AB86-E86E3AAEDBAD}.Ad-Hoc|Mixed Platforms.ActiveCfg = Release|Any CPU
		{174AAA78-AC1E-4B02-AB86-E86E3AAEDBAD}.Ad-Hoc|Mixed Platforms.Build.0 = Release|Any CPU
		{174AAA78-AC1E-4B02-AB86-E86E3AAEDBAD}.Ad-Hoc|x86.ActiveCfg = Release|Any CPU
		{174AAA78-AC1E-4B02-AB86-E86E3AAEDBAD}.AppStore|Any CPU.ActiveCfg = Release|Any CPU
		{174AAA78-AC1E-4B02-AB86-E86E3AAEDBAD}.AppStore|Any CPU.Build.0 = Release|Any CPU
		{174AAA78-AC1E-4B02-AB86-E86E3AAEDBAD}.AppStore|ARM.ActiveCfg = Release|Any CPU
		{174AAA78-AC1E-4B02-AB86-E86E3AAEDBAD}.AppStore|iPhone.ActiveCfg = Release|Any CPU
		{174AAA78-AC1E-4B02-AB86-E86E3AAEDBAD}.AppStore|iPhoneSimulator.ActiveCfg = Release|Any CPU
		{174AAA78-AC1E-4B02-AB86-E86E3AAEDBAD}.AppStore|Mixed Platforms.ActiveCfg = Release|Any CPU
		{174AAA78-AC1E-4B02-AB86-E86E3AAEDBAD}.AppStore|Mixed Platforms.Build.0 = Release|Any CPU
		{174AAA78-AC1E-4B02-AB86-E86E3AAEDBAD}.AppStore|x86.ActiveCfg = Release|Any CPU
		{174AAA78-AC1E-4B02-AB86-E86E3AAEDBAD}.Debug|Any CPU.ActiveCfg = Debug|Any CPU
		{174AAA78-AC1E-4B02-AB86-E86E3AAEDBAD}.Debug|Any CPU.Build.0 = Debug|Any CPU
		{174AAA78-AC1E-4B02-AB86-E86E3AAEDBAD}.Debug|ARM.ActiveCfg = Debug|Any CPU
		{174AAA78-AC1E-4B02-AB86-E86E3AAEDBAD}.Debug|iPhone.ActiveCfg = Debug|Any CPU
		{174AAA78-AC1E-4B02-AB86-E86E3AAEDBAD}.Debug|iPhoneSimulator.ActiveCfg = Debug|Any CPU
		{174AAA78-AC1E-4B02-AB86-E86E3AAEDBAD}.Debug|Mixed Platforms.ActiveCfg = Debug|Any CPU
		{174AAA78-AC1E-4B02-AB86-E86E3AAEDBAD}.Debug|Mixed Platforms.Build.0 = Debug|Any CPU
		{174AAA78-AC1E-4B02-AB86-E86E3AAEDBAD}.Debug|Mixed Platforms.Deploy.0 = Debug|Any CPU
		{174AAA78-AC1E-4B02-AB86-E86E3AAEDBAD}.Debug|x86.ActiveCfg = Debug|Any CPU
		{174AAA78-AC1E-4B02-AB86-E86E3AAEDBAD}.Release|Any CPU.ActiveCfg = Release|Any CPU
		{174AAA78-AC1E-4B02-AB86-E86E3AAEDBAD}.Release|Any CPU.Build.0 = Release|Any CPU
		{174AAA78-AC1E-4B02-AB86-E86E3AAEDBAD}.Release|ARM.ActiveCfg = Release|Any CPU
		{174AAA78-AC1E-4B02-AB86-E86E3AAEDBAD}.Release|iPhone.ActiveCfg = Release|Any CPU
		{174AAA78-AC1E-4B02-AB86-E86E3AAEDBAD}.Release|iPhoneSimulator.ActiveCfg = Release|Any CPU
		{174AAA78-AC1E-4B02-AB86-E86E3AAEDBAD}.Release|Mixed Platforms.ActiveCfg = Release|Any CPU
		{174AAA78-AC1E-4B02-AB86-E86E3AAEDBAD}.Release|Mixed Platforms.Build.0 = Release|Any CPU
		{174AAA78-AC1E-4B02-AB86-E86E3AAEDBAD}.Release|x86.ActiveCfg = Release|Any CPU
		{75B30A82-5078-44D9-A6A9-FAA17BB90271}.Ad-Hoc|Any CPU.ActiveCfg = Release|Any CPU
		{75B30A82-5078-44D9-A6A9-FAA17BB90271}.Ad-Hoc|Any CPU.Build.0 = Release|Any CPU
		{75B30A82-5078-44D9-A6A9-FAA17BB90271}.Ad-Hoc|ARM.ActiveCfg = Release|Any CPU
		{75B30A82-5078-44D9-A6A9-FAA17BB90271}.Ad-Hoc|iPhone.ActiveCfg = Release|Any CPU
		{75B30A82-5078-44D9-A6A9-FAA17BB90271}.Ad-Hoc|iPhoneSimulator.ActiveCfg = Release|Any CPU
		{75B30A82-5078-44D9-A6A9-FAA17BB90271}.Ad-Hoc|Mixed Platforms.ActiveCfg = Release|Any CPU
		{75B30A82-5078-44D9-A6A9-FAA17BB90271}.Ad-Hoc|Mixed Platforms.Build.0 = Release|Any CPU
		{75B30A82-5078-44D9-A6A9-FAA17BB90271}.Ad-Hoc|x86.ActiveCfg = Release|Any CPU
		{75B30A82-5078-44D9-A6A9-FAA17BB90271}.AppStore|Any CPU.ActiveCfg = Release|Any CPU
		{75B30A82-5078-44D9-A6A9-FAA17BB90271}.AppStore|Any CPU.Build.0 = Release|Any CPU
		{75B30A82-5078-44D9-A6A9-FAA17BB90271}.AppStore|ARM.ActiveCfg = Release|Any CPU
		{75B30A82-5078-44D9-A6A9-FAA17BB90271}.AppStore|iPhone.ActiveCfg = Release|Any CPU
		{75B30A82-5078-44D9-A6A9-FAA17BB90271}.AppStore|iPhoneSimulator.ActiveCfg = Release|Any CPU
		{75B30A82-5078-44D9-A6A9-FAA17BB90271}.AppStore|Mixed Platforms.ActiveCfg = Release|Any CPU
		{75B30A82-5078-44D9-A6A9-FAA17BB90271}.AppStore|Mixed Platforms.Build.0 = Release|Any CPU
		{75B30A82-5078-44D9-A6A9-FAA17BB90271}.AppStore|x86.ActiveCfg = Release|Any CPU
		{75B30A82-5078-44D9-A6A9-FAA17BB90271}.Debug|Any CPU.ActiveCfg = Debug|Any CPU
		{75B30A82-5078-44D9-A6A9-FAA17BB90271}.Debug|Any CPU.Build.0 = Debug|Any CPU
		{75B30A82-5078-44D9-A6A9-FAA17BB90271}.Debug|ARM.ActiveCfg = Debug|Any CPU
		{75B30A82-5078-44D9-A6A9-FAA17BB90271}.Debug|iPhone.ActiveCfg = Debug|Any CPU
		{75B30A82-5078-44D9-A6A9-FAA17BB90271}.Debug|iPhoneSimulator.ActiveCfg = Debug|Any CPU
		{75B30A82-5078-44D9-A6A9-FAA17BB90271}.Debug|Mixed Platforms.ActiveCfg = Debug|Any CPU
		{75B30A82-5078-44D9-A6A9-FAA17BB90271}.Debug|Mixed Platforms.Build.0 = Debug|Any CPU
		{75B30A82-5078-44D9-A6A9-FAA17BB90271}.Debug|x86.ActiveCfg = Debug|Any CPU
		{75B30A82-5078-44D9-A6A9-FAA17BB90271}.Release|Any CPU.ActiveCfg = Release|Any CPU
		{75B30A82-5078-44D9-A6A9-FAA17BB90271}.Release|Any CPU.Build.0 = Release|Any CPU
		{75B30A82-5078-44D9-A6A9-FAA17BB90271}.Release|ARM.ActiveCfg = Release|Any CPU
		{75B30A82-5078-44D9-A6A9-FAA17BB90271}.Release|iPhone.ActiveCfg = Release|Any CPU
		{75B30A82-5078-44D9-A6A9-FAA17BB90271}.Release|iPhoneSimulator.ActiveCfg = Release|Any CPU
		{75B30A82-5078-44D9-A6A9-FAA17BB90271}.Release|Mixed Platforms.ActiveCfg = Release|Any CPU
		{75B30A82-5078-44D9-A6A9-FAA17BB90271}.Release|Mixed Platforms.Build.0 = Release|Any CPU
		{75B30A82-5078-44D9-A6A9-FAA17BB90271}.Release|x86.ActiveCfg = Release|Any CPU
		{FAA52C78-5025-4B9B-9F2D-5C13F6B89E1F}.Ad-Hoc|Any CPU.ActiveCfg = Release|Any CPU
		{FAA52C78-5025-4B9B-9F2D-5C13F6B89E1F}.Ad-Hoc|Any CPU.Build.0 = Release|Any CPU
		{FAA52C78-5025-4B9B-9F2D-5C13F6B89E1F}.Ad-Hoc|ARM.ActiveCfg = Release|Any CPU
		{FAA52C78-5025-4B9B-9F2D-5C13F6B89E1F}.Ad-Hoc|iPhone.ActiveCfg = Release|Any CPU
		{FAA52C78-5025-4B9B-9F2D-5C13F6B89E1F}.Ad-Hoc|iPhoneSimulator.ActiveCfg = Release|Any CPU
		{FAA52C78-5025-4B9B-9F2D-5C13F6B89E1F}.Ad-Hoc|Mixed Platforms.ActiveCfg = Release|Any CPU
		{FAA52C78-5025-4B9B-9F2D-5C13F6B89E1F}.Ad-Hoc|Mixed Platforms.Build.0 = Release|Any CPU
		{FAA52C78-5025-4B9B-9F2D-5C13F6B89E1F}.Ad-Hoc|x86.ActiveCfg = Release|Any CPU
		{FAA52C78-5025-4B9B-9F2D-5C13F6B89E1F}.AppStore|Any CPU.ActiveCfg = Release|Any CPU
		{FAA52C78-5025-4B9B-9F2D-5C13F6B89E1F}.AppStore|Any CPU.Build.0 = Release|Any CPU
		{FAA52C78-5025-4B9B-9F2D-5C13F6B89E1F}.AppStore|ARM.ActiveCfg = Release|Any CPU
		{FAA52C78-5025-4B9B-9F2D-5C13F6B89E1F}.AppStore|iPhone.ActiveCfg = Release|Any CPU
		{FAA52C78-5025-4B9B-9F2D-5C13F6B89E1F}.AppStore|iPhoneSimulator.ActiveCfg = Release|Any CPU
		{FAA52C78-5025-4B9B-9F2D-5C13F6B89E1F}.AppStore|Mixed Platforms.ActiveCfg = Release|Any CPU
		{FAA52C78-5025-4B9B-9F2D-5C13F6B89E1F}.AppStore|Mixed Platforms.Build.0 = Release|Any CPU
		{FAA52C78-5025-4B9B-9F2D-5C13F6B89E1F}.AppStore|x86.ActiveCfg = Release|Any CPU
		{FAA52C78-5025-4B9B-9F2D-5C13F6B89E1F}.Debug|Any CPU.ActiveCfg = Debug|Any CPU
		{FAA52C78-5025-4B9B-9F2D-5C13F6B89E1F}.Debug|Any CPU.Build.0 = Debug|Any CPU
		{FAA52C78-5025-4B9B-9F2D-5C13F6B89E1F}.Debug|ARM.ActiveCfg = Debug|Any CPU
		{FAA52C78-5025-4B9B-9F2D-5C13F6B89E1F}.Debug|iPhone.ActiveCfg = Debug|Any CPU
		{FAA52C78-5025-4B9B-9F2D-5C13F6B89E1F}.Debug|iPhoneSimulator.ActiveCfg = Debug|Any CPU
		{FAA52C78-5025-4B9B-9F2D-5C13F6B89E1F}.Debug|Mixed Platforms.ActiveCfg = Debug|Any CPU
		{FAA52C78-5025-4B9B-9F2D-5C13F6B89E1F}.Debug|Mixed Platforms.Build.0 = Debug|Any CPU
		{FAA52C78-5025-4B9B-9F2D-5C13F6B89E1F}.Debug|x86.ActiveCfg = Debug|Any CPU
		{FAA52C78-5025-4B9B-9F2D-5C13F6B89E1F}.Release|Any CPU.ActiveCfg = Release|Any CPU
		{FAA52C78-5025-4B9B-9F2D-5C13F6B89E1F}.Release|Any CPU.Build.0 = Release|Any CPU
		{FAA52C78-5025-4B9B-9F2D-5C13F6B89E1F}.Release|ARM.ActiveCfg = Release|Any CPU
		{FAA52C78-5025-4B9B-9F2D-5C13F6B89E1F}.Release|iPhone.ActiveCfg = Release|Any CPU
		{FAA52C78-5025-4B9B-9F2D-5C13F6B89E1F}.Release|iPhoneSimulator.ActiveCfg = Release|Any CPU
		{FAA52C78-5025-4B9B-9F2D-5C13F6B89E1F}.Release|Mixed Platforms.ActiveCfg = Release|Any CPU
		{FAA52C78-5025-4B9B-9F2D-5C13F6B89E1F}.Release|Mixed Platforms.Build.0 = Release|Any CPU
		{FAA52C78-5025-4B9B-9F2D-5C13F6B89E1F}.Release|x86.ActiveCfg = Release|Any CPU
	EndGlobalSection
	GlobalSection(SolutionProperties) = preSolution
		HideSolutionNode = FALSE
	EndGlobalSection
EndGlobal
